
Microsoft Visual Studio Solution File, Format Version 12.00
# Visual Studio Version 17
VisualStudioVersion = 17.2.32630.192
MinimumVisualStudioVersion = 10.0.40219.1
Project("{FAE04EC0-301F-11D3-BF4B-00C04F79EFBC}") = "KIOSK", "KIOSK.csproj", "{E0E6BB01-D5D5-43FC-A720-0118677FA9B5}"
EndProject
Global
	GlobalSection(SolutionConfigurationPlatforms) = preSolution
		Debug|Any CPU = Debug|Any CPU
		Release|Any CPU = Release|Any CPU
	EndGlobalSection
	GlobalSection(ProjectConfigurationPlatforms) = postSolution
		{E0E6BB01-D5D5-43FC-A720-0118677FA9B5}.Debug|Any CPU.ActiveCfg = Debug|Any CPU
		{E0E6BB01-D5D5-43FC-A720-0118677FA9B5}.Debug|Any CPU.Build.0 = Debug|Any CPU
		{E0E6BB01-D5D5-43FC-A720-0118677FA9B5}.Release|Any CPU.ActiveCfg = Release|Any CPU
		{E0E6BB01-D5D5-43FC-A720-0118677FA9B5}.Release|Any CPU.Build.0 = Release|Any CPU
	EndGlobalSection
	GlobalSection(SolutionProperties) = preSolution
		HideSolutionNode = FALSE
	EndGlobalSection
	GlobalSection(ExtensibilityGlobals) = postSolution
		SolutionGuid = {7E24A7D7-A33F-41B2-9468-B33EB2D3CA66}
	EndGlobalSection
EndGlobal
